# This file is autogenerated, do not edit; changes may be undone by the next 'dep ensure'.


[[projects]]
  digest = "1:836838f1466d370fc7678c927e5b7473f38ba12c2e571f8eca957bd0a102c2db"
  name = "github.com/klauspost/compress"
  packages = [
    "flate",
    "gzip",
    "zlib"
  ]
  pruneopts = "UT"
  revision = "53fd0299b54f91f5d91c50ee5f4d5e0393e45eb8"
  version = "v1.7.5"

[[projects]]
  digest = "1:923c4d7194b42e054b2eb8a6c62824ac55e23ececc1c7e48d4da69c971c55954"
  name = "github.com/klauspost/cpuid"
  packages = ["."]
  pruneopts = "UT"
  revision = "05a8198c0f5a27739aec358908d7e12c64ce6eb7"
  version = "v1.2.1"

[[projects]]
  branch = "master"
  digest = "1:d6efa822e9b1e35da4653e912128933143d37d2358eebe2b35c1a5f60e028bd0"
  name = "github.com/qiangxue/fasthttp-routing"
  packages = ["."]
  pruneopts = "UT"
  revision = "6ccdc2a18d8712f842de50ddcb8c9a3d025ddc71"

[[projects]]
  digest = "1:6cf4e9f5ea82d48699eed7a836781037621227fb8551d7571b82aabde422fec1"
  name = "github.com/rs/zerolog"
  packages = [
    ".",
    "internal/cbor",
    "internal/json",
    "log"
  ]
  pruneopts = "UT"
  revision = "b806a5ecbe5347ad9ef05121fea8f4acc65fa5fc"
  version = "v1.15.0"

[[projects]]
  digest = "1:c468422f334a6b46a19448ad59aaffdfc0a36b08fdcc1c749a0b29b6453d7e59"
  name = "github.com/valyala/bytebufferpool"
  packages = ["."]
  pruneopts = "UT"
  revision = "e746df99fe4a3986f4d4f79e13c1e0117ce9c2f7"
  version = "v1.0.0"

[[projects]]
  digest = "1:15ad8a80098fcc7a194b9db6b26d74072a852e4faa957848c8118193d3c69230"
  name = "github.com/valyala/fasthttp"
  packages = [
    ".",
    "fasthttputil",
    "stackless"
  ]
  pruneopts = "UT"
  revision = "e5f51c11919d4f66400334047b897ef0a94c6f3c"
  version = "v20180529"

[solve-meta]
  analyzer-name = "dep"
  analyzer-version = 1
  input-imports = [
    "github.com/qiangxue/fasthttp-routing",
    "github.com/rs/zerolog/log",
    "github.com/valyala/fasthttp"
  ]
  solver-name = "gps-cdcl"
  solver-version = 1
